
Microsoft Visual Studio Solution File, Format Version 12.00
# Visual Studio Version 17
VisualStudioVersion = 17.14.37111.16 d17.14
MinimumVisualStudioVersion = 10.0.40219.1
Project("{FAE04EC0-301F-11D3-BF4B-00C04F79EFBC}") = "Money Empire Game", "Money Empire Game.csproj", "{D9CC8BA6-0D52-4AD1-A99C-4F72B9D6C216}"
EndProject
Global
	GlobalSection(SolutionConfigurationPlatforms) = preSolution
		Debug|Any CPU = Debug|Any CPU
		Release|Any CPU = Release|Any CPU
	EndGlobalSection
	GlobalSection(ProjectConfigurationPlatforms) = postSolution
		{D9CC8BA6-0D52-4AD1-A99C-4F72B9D6C216}.Debug|Any CPU.ActiveCfg = Debug|Any CPU
		{D9CC8BA6-0D52-4AD1-A99C-4F72B9D6C216}.Debug|Any CPU.Build.0 = Debug|Any CPU
		{D9CC8BA6-0D52-4AD1-A99C-4F72B9D6C216}.Release|Any CPU.ActiveCfg = Release|Any CPU
		{D9CC8BA6-0D52-4AD1-A99C-4F72B9D6C216}.Release|Any CPU.Build.0 = Release|Any CPU
	EndGlobalSection
	GlobalSection(SolutionProperties) = preSolution
		HideSolutionNode = FALSE
	EndGlobalSection
	GlobalSection(ExtensibilityGlobals) = postSolution
		SolutionGuid = {D77A11A6-6F05-458B-8A37-0B5384ADE851}
	EndGlobalSection
EndGlobal
